// !$*UTF8*$!
{
	archiveVersion = 1;
	classes = {
	};
	objectVersion = 55;
	objects = {

/* Begin PBXBuildFile section */
		1C30AEFE28910F63006850D2 /* AppDelegate.swift in Sources */ = {isa = PBXBuildFile; fileRef = 1C30AEFD28910F63006850D2 /* AppDelegate.swift */; };
		1C30AF0028910F63006850D2 /* SceneDelegate.swift in Sources */ = {isa = PBXBuildFile; fileRef = 1C30AEFF28910F63006850D2 /* SceneDelegate.swift */; };
		1C30AF0528910F63006850D2 /* Main.storyboard in Resources */ = {isa = PBXBuildFile; fileRef = 1C30AF0328910F63006850D2 /* Main.storyboard */; };
		1C30AF0728910F64006850D2 /* Assets.xcassets in Resources */ = {isa = PBXBuildFile; fileRef = 1C30AF0628910F64006850D2 /* Assets.xcassets */; };
		1C30AF0A28910F64006850D2 /* LaunchScreen.storyboard in Resources */ = {isa = PBXBuildFile; fileRef = 1C30AF0828910F64006850D2 /* LaunchScreen.storyboard */; };
		1C30AF152891111F006850D2 /* MemoListTableViewController.swift in Sources */ = {isa = PBXBuildFile; fileRef = 1C30AF142891111F006850D2 /* MemoListTableViewController.swift */; };
		1C30AF17289119BD006850D2 /* composeViewController.swift in Sources */ = {isa = PBXBuildFile; fileRef = 1C30AF16289119BD006850D2 /* composeViewController.swift */; };
		1C30AF1928911AB3006850D2 /* UIViewController+Alert.swift in Sources */ = {isa = PBXBuildFile; fileRef = 1C30AF1828911AB3006850D2 /* UIViewController+Alert.swift */; };
		1C30AF1B289129FC006850D2 /* detailViewController.swift in Sources */ = {isa = PBXBuildFile; fileRef = 1C30AF1A289129FC006850D2 /* detailViewController.swift */; };
		1C9E5AA2289B981800BCFE44 /* RealmMemo.swift in Sources */ = {isa = PBXBuildFile; fileRef = 1C9E5AA1289B981800BCFE44 /* RealmMemo.swift */; };
		1C9E5AAC289BA70600BCFE44 /* model.swift in Sources */ = {isa = PBXBuildFile; fileRef = 1C9E5AAB289BA70600BCFE44 /* model.swift */; };
		1C9E5AAF289CB3E900BCFE44 /* Memo.xcdatamodeld in Sources */ = {isa = PBXBuildFile; fileRef = 1C9E5AAD289CB3E900BCFE44 /* Memo.xcdatamodeld */; };
		1C9E5AB2289CD61800BCFE44 /* DataManager.swift in Sources */ = {isa = PBXBuildFile; fileRef = 1C9E5AB1289CD61800BCFE44 /* DataManager.swift */; };
/* End PBXBuildFile section */

/* Begin PBXFileReference section */
		1C30AEFA28910F63006850D2 /* MyMemoApp.app */ = {isa = PBXFileReference; explicitFileType = wrapper.application; includeInIndex = 0; path = MyMemoApp.app; sourceTree = BUILT_PRODUCTS_DIR; };
		1C30AEFD28910F63006850D2 /* AppDelegate.swift */ = {isa = PBXFileReference; lastKnownFileType = sourcecode.swift; path = AppDelegate.swift; sourceTree = "<group>"; };
		1C30AEFF28910F63006850D2 /* SceneDelegate.swift */ = {isa = PBXFileReference; lastKnownFileType = sourcecode.swift; path = SceneDelegate.swift; sourceTree = "<group>"; };
		1C30AF0428910F63006850D2 /* Base */ = {isa = PBXFileReference; lastKnownFileType = file.storyboard; name = Base; path = Base.lproj/Main.storyboard; sourceTree = "<group>"; };
		1C30AF0628910F64006850D2 /* Assets.xcassets */ = {isa = PBXFileReference; lastKnownFileType = folder.assetcatalog; path = Assets.xcassets; sourceTree = "<group>"; };
		1C30AF0928910F64006850D2 /* Base */ = {isa = PBXFileReference; lastKnownFileType = file.storyboard; name = Base; path = Base.lproj/LaunchScreen.storyboard; sourceTree = "<group>"; };
		1C30AF0B28910F64006850D2 /* Info.plist */ = {isa = PBXFileReference; lastKnownFileType = text.plist.xml; path = Info.plist; sourceTree = "<group>"; };
		1C30AF142891111F006850D2 /* MemoListTableViewController.swift */ = {isa = PBXFileReference; lastKnownFileType = sourcecode.swift; path = MemoListTableViewController.swift; sourceTree = "<group>"; };
		1C30AF16289119BD006850D2 /* composeViewController.swift */ = {isa = PBXFileReference; lastKnownFileType = sourcecode.swift; path = composeViewController.swift; sourceTree = "<group>"; };
		1C30AF1828911AB3006850D2 /* UIViewController+Alert.swift */ = {isa = PBXFileReference; lastKnownFileType = sourcecode.swift; path = "UIViewController+Alert.swift"; sourceTree = "<group>"; };
		1C30AF1A289129FC006850D2 /* detailViewController.swift */ = {isa = PBXFileReference; lastKnownFileType = sourcecode.swift; path = detailViewController.swift; sourceTree = "<group>"; };
		1C9E5AA1289B981800BCFE44 /* RealmMemo.swift */ = {isa = PBXFileReference; lastKnownFileType = sourcecode.swift; path = RealmMemo.swift; sourceTree = "<group>"; };
		1C9E5AAB289BA70600BCFE44 /* model.swift */ = {isa = PBXFileReference; lastKnownFileType = sourcecode.swift; path = model.swift; sourceTree = "<group>"; };
		1C9E5AAE289CB3E900BCFE44 /* Memo.xcdatamodel */ = {isa = PBXFileReference; lastKnownFileType = wrapper.xcdatamodel; path = Memo.xcdatamodel; sourceTree = "<group>"; };
		1C9E5AB1289CD61800BCFE44 /* DataManager.swift */ = {isa = PBXFileReference; lastKnownFileType = sourcecode.swift; path = DataManager.swift; sourceTree = "<group>"; };
/* End PBXFileReference section */

/* Begin PBXFrameworksBuildPhase section */
		1C30AEF728910F63006850D2 /* Frameworks */ = {
			isa = PBXFrameworksBuildPhase;
			buildActionMask = 2147483647;
			files = (
			);
			runOnlyForDeploymentPostprocessing = 0;
		};
/* End PBXFrameworksBuildPhase section */

/* Begin PBXGroup section */
		1C30AEF128910F63006850D2 = {
			isa = PBXGroup;
			children = (
				1C30AEFC28910F63006850D2 /* MyMemoApp */,
				1C30AEFB28910F63006850D2 /* Products */,
			);
			sourceTree = "<group>";
		};
		1C30AEFB28910F63006850D2 /* Products */ = {
			isa = PBXGroup;
			children = (
				1C30AEFA28910F63006850D2 /* MyMemoApp.app */,
			);
			name = Products;
			sourceTree = "<group>";
		};
		1C30AEFC28910F63006850D2 /* MyMemoApp */ = {
			isa = PBXGroup;
			children = (
				1C9E5AB0289CD60900BCFE44 /* Data */,
				1C9E5A9E289B91A500BCFE44 /* Model */,
				1C30AEFD28910F63006850D2 /* AppDelegate.swift */,
				1C30AEFF28910F63006850D2 /* SceneDelegate.swift */,
				1C9E5AAD289CB3E900BCFE44 /* Memo.xcdatamodeld */,
				1C30AF0328910F63006850D2 /* Main.storyboard */,
				1C30AF1A289129FC006850D2 /* detailViewController.swift */,
				1C30AF16289119BD006850D2 /* composeViewController.swift */,
				1C30AF1828911AB3006850D2 /* UIViewController+Alert.swift */,
				1C30AF142891111F006850D2 /* MemoListTableViewController.swift */,
				1C9E5AA1289B981800BCFE44 /* RealmMemo.swift */,
				1C30AF0628910F64006850D2 /* Assets.xcassets */,
				1C30AF0828910F64006850D2 /* LaunchScreen.storyboard */,
				1C30AF0B28910F64006850D2 /* Info.plist */,
			);
			path = MyMemoApp;
			sourceTree = "<group>";
		};
		1C9E5A9E289B91A500BCFE44 /* Model */ = {
			isa = PBXGroup;
			children = (
				1C9E5AB1289CD61800BCFE44 /* DataManager.swift */,
			);
			path = Model;
			sourceTree = "<group>";
		};
		1C9E5AB0289CD60900BCFE44 /* Data */ = {
			isa = PBXGroup;
			children = (
				1C9E5AAB289BA70600BCFE44 /* model.swift */,
			);
			path = Data;
			sourceTree = "<group>";
		};
/* End PBXGroup section */

/* Begin PBXNativeTarget section */
		1C30AEF928910F63006850D2 /* MyMemoApp */ = {
			isa = PBXNativeTarget;
			buildConfigurationList = 1C30AF0E28910F64006850D2 /* Build configuration list for PBXNativeTarget "MyMemoApp" */;
			buildPhases = (
				1C30AEF628910F63006850D2 /* Sources */,
				1C30AEF728910F63006850D2 /* Frameworks */,
				1C30AEF828910F63006850D2 /* Resources */,
			);
			buildRules = (
			);
			dependencies = (
			);
			name = MyMemoApp;
			productName = MyMemoApp;
			productReference = 1C30AEFA28910F63006850D2 /* MyMemoApp.app */;
			productType = "com.apple.product-type.application";
		};
/* End PBXNativeTarget section */

/* Begin PBXProject section */
		1C30AEF228910F63006850D2 /* Project object */ = {
			isa = PBXProject;
			attributes = {
				BuildIndependentTargetsInParallel = 1;
				LastSwiftUpdateCheck = 1340;
				LastUpgradeCheck = 1340;
				TargetAttributes = {
					1C30AEF928910F63006850D2 = {
						CreatedOnToolsVersion = 13.4.1;
					};
				};
			};
			buildConfigurationList = 1C30AEF528910F63006850D2 /* Build configuration list for PBXProject "MyMemoApp" */;
			compatibilityVersion = "Xcode 13.0";
			developmentRegion = en;
			hasScannedForEncodings = 0;
			knownRegions = (
				en,
				Base,
			);
			mainGroup = 1C30AEF128910F63006850D2;
			productRefGroup = 1C30AEFB28910F63006850D2 /* Products */;
			projectDirPath = "";
			projectRoot = "";
			targets = (
				1C30AEF928910F63006850D2 /* MyMemoApp */,
			);
		};
/* End PBXProject section */

/* Begin PBXResourcesBuildPhase section */
		1C30AEF828910F63006850D2 /* Resources */ = {
			isa = PBXResourcesBuildPhase;
			buildActionMask = 2147483647;
			files = (
				1C30AF0A28910F64006850D2 /* LaunchScreen.storyboard in Resources */,
				1C30AF0728910F64006850D2 /* Assets.xcassets in Resources */,
				1C30AF0528910F63006850D2 /* Main.storyboard in Resources */,
			);
			runOnlyForDeploymentPostprocessing = 0;
		};
/* End PBXResourcesBuildPhase section */

/* Begin PBXSourcesBuildPhase section */
		1C30AEF628910F63006850D2 /* Sources */ = {
			isa = PBXSourcesBuildPhase;
			buildActionMask = 2147483647;
			files = (
				1C30AEFE28910F63006850D2 /* AppDelegate.swift in Sources */,
				1C9E5AB2289CD61800BCFE44 /* DataManager.swift in Sources */,
				1C9E5AA2289B981800BCFE44 /* RealmMemo.swift in Sources */,
				1C30AF17289119BD006850D2 /* composeViewController.swift in Sources */,
				1C30AF1928911AB3006850D2 /* UIViewController+Alert.swift in Sources */,
				1C30AF0028910F63006850D2 /* SceneDelegate.swift in Sources */,
				1C30AF1B289129FC006850D2 /* detailViewController.swift in Sources */,
				1C30AF152891111F006850D2 /* MemoListTableViewController.swift in Sources */,
				1C9E5AAF289CB3E900BCFE44 /* Memo.xcdatamodeld in Sources */,
				1C9E5AAC289BA70600BCFE44 /* model.swift in Sources */,
			);
			runOnlyForDeploymentPostprocessing = 0;
		};
/* End PBXSourcesBuildPhase section */

/* Begin PBXVariantGroup section */
		1C30AF0328910F63006850D2 /* Main.storyboard */ = {
			isa = PBXVariantGroup;
			children = (
				1C30AF0428910F63006850D2 /* Base */,
			);
			name = Main.storyboard;
			sourceTree = "<group>";
		};
		1C30AF0828910F64006850D2 /* LaunchScreen.storyboard */ = {
			isa = PBXVariantGroup;
			children = (
				1C30AF0928910F64006850D2 /* Base */,
			);
			name = LaunchScreen.storyboard;
			sourceTree = "<group>";
		};
/* End PBXVariantGroup section */

/* Begin XCBuildConfiguration section */
		1C30AF0C28910F64006850D2 /* Debug */ = {
			isa = XCBuildConfiguration;
			buildSettings = {
				ALWAYS_SEARCH_USER_PATHS = NO;
				CLANG_ANALYZER_NONNULL = YES;
				CLANG_ANALYZER_NUMBER_OBJECT_CONVERSION = YES_AGGRESSIVE;
				CLANG_CXX_LANGUAGE_STANDARD = "gnu++17";
				CLANG_ENABLE_MODULES = YES;
				CLANG_ENABLE_OBJC_ARC = YES;
				CLANG_ENABLE_OBJC_WEAK = YES;
				CLANG_WARN_BLOCK_CAPTURE_AUTORELEASING = YES;
				CLANG_WARN_BOOL_CONVERSION = YES;
				CLANG_WARN_COMMA = YES;
				CLANG_WARN_CONSTANT_CONVERSION = YES;
				CLANG_WARN_DEPRECATED_OBJC_IMPLEMENTATIONS = YES;
				CLANG_WARN_DIRECT_OBJC_ISA_USAGE = YES_ERROR;
				CLANG_WARN_DOCUMENTATION_COMMENTS = YES;
				CLANG_WARN_EMPTY_BODY = YES;
				CLANG_WARN_ENUM_CONVERSION = YES;
				CLANG_WARN_INFINITE_RECURSION = YES;
				CLANG_WARN_INT_CONVERSION = YES;
				CLANG_WARN_NON_LITERAL_NULL_CONVERSION = YES;
				CLANG_WARN_OBJC_IMPLICIT_RETAIN_SELF = YES;
				CLANG_WARN_OBJC_LITERAL_CONVERSION = YES;
				CLANG_WARN_OBJC_ROOT_CLASS = YES_ERROR;
				CLANG_WARN_QUOTED_INCLUDE_IN_FRAMEWORK_HEADER = YES;
				CLANG_WARN_RANGE_LOOP_ANALYSIS = YES;
				CLANG_WARN_STRICT_PROTOTYPES = YES;
				CLANG_WARN_SUSPICIOUS_MOVE = YES;
				CLANG_WARN_UNGUARDED_AVAILABILITY = YES_AGGRESSIVE;
				CLANG_WARN_UNREACHABLE_CODE = YES;
				CLANG_WARN__DUPLICATE_METHOD_MATCH = YES;
				COPY_PHASE_STRIP = NO;
				DEBUG_INFORMATION_FORMAT = dwarf;
				ENABLE_STRICT_OBJC_MSGSEND = YES;
				ENABLE_TESTABILITY = YES;
				GCC_C_LANGUAGE_STANDARD = gnu11;
				GCC_DYNAMIC_NO_PIC = NO;
				GCC_NO_COMMON_BLOCKS = YES;
				GCC_OPTIMIZATION_LEVEL = 0;
				GCC_PREPROCESSOR_DEFINITIONS = (
					"DEBUG=1",
					"$(inherited)",
				);
				GCC_WARN_64_TO_32_BIT_CONVERSION = YES;
				GCC_WARN_ABOUT_RETURN_TYPE = YES_ERROR;
				GCC_WARN_UNDECLARED_SELECTOR = YES;
				GCC_WARN_UNINITIALIZED_AUTOS = YES_AGGRESSIVE;
				GCC_WARN_UNUSED_FUNCTION = YES;
				GCC_WARN_UNUSED_VARIABLE = YES;
				IPHONEOS_DEPLOYMENT_TARGET = 15.5;
				MTL_ENABLE_DEBUG_INFO = INCLUDE_SOURCE;
				MTL_FAST_MATH = YES;
				ONLY_ACTIVE_ARCH = YES;
				SDKROOT = iphoneos;
				SWIFT_ACTIVE_COMPILATION_CONDITIONS = DEBUG;
				SWIFT_OPTIMIZATION_LEVEL = "-Onone";
			};
			name = Debug;
		};
		1C30AF0D28910F64006850D2 /* Release */ = {
			isa = XCBuildConfiguration;
			buildSettings = {
				ALWAYS_SEARCH_USER_PATHS = NO;
				CLANG_ANALYZER_NONNULL = YES;
				CLANG_ANALYZER_NUMBER_OBJECT_CONVERSION = YES_AGGRESSIVE;
				CLANG_CXX_LANGUAGE_STANDARD = "gnu++17";
				CLANG_ENABLE_MODULES = YES;
				CLANG_ENABLE_OBJC_ARC = YES;
				CLANG_ENABLE_OBJC_WEAK = YES;
				CLANG_WARN_BLOCK_CAPTURE_AUTORELEASING = YES;
				CLANG_WARN_BOOL_CONVERSION = YES;
				CLANG_WARN_COMMA = YES;
				CLANG_WARN_CONSTANT_CONVERSION = YES;
				CLANG_WARN_DEPRECATED_OBJC_IMPLEMENTATIONS = YES;
				CLANG_WARN_DIRECT_OBJC_ISA_USAGE = YES_ERROR;
				CLANG_WARN_DOCUMENTATION_COMMENTS = YES;
				CLANG_WARN_EMPTY_BODY = YES;
				CLANG_WARN_ENUM_CONVERSION = YES;
				CLANG_WARN_INFINITE_RECURSION = YES;
				CLANG_WARN_INT_CONVERSION = YES;
				CLANG_WARN_NON_LITERAL_NULL_CONVERSION = YES;
				CLANG_WARN_OBJC_IMPLICIT_RETAIN_SELF = YES;
				CLANG_WARN_OBJC_LITERAL_CONVERSION = YES;
				CLANG_WARN_OBJC_ROOT_CLASS = YES_ERROR;
				CLANG_WARN_QUOTED_INCLUDE_IN_FRAMEWORK_HEADER = YES;
				CLANG_WARN_RANGE_LOOP_ANALYSIS = YES;
				CLANG_WARN_STRICT_PROTOTYPES = YES;
				CLANG_WARN_SUSPICIOUS_MOVE = YES;
				CLANG_WARN_UNGUARDED_AVAILABILITY = YES_AGGRESSIVE;
				CLANG_WARN_UNREACHABLE_CODE = YES;
				CLANG_WARN__DUPLICATE_METHOD_MATCH = YES;
				COPY_PHASE_STRIP = NO;
				DEBUG_INFORMATION_FORMAT = "dwarf-with-dsym";
				ENABLE_NS_ASSERTIONS = NO;
				ENABLE_STRICT_OBJC_MSGSEND = YES;
				GCC_C_LANGUAGE_STANDARD = gnu11;
				GCC_NO_COMMON_BLOCKS = YES;
				GCC_WARN_64_TO_32_BIT_CONVERSION = YES;
				GCC_WARN_ABOUT_RETURN_TYPE = YES_ERROR;
				GCC_WARN_UNDECLARED_SELECTOR = YES;
				GCC_WARN_UNINITIALIZED_AUTOS = YES_AGGRESSIVE;
				GCC_WARN_UNUSED_FUNCTION = YES;
				GCC_WARN_UNUSED_VARIABLE = YES;
				IPHONEOS_DEPLOYMENT_TARGET = 15.5;
				MTL_ENABLE_DEBUG_INFO = NO;
				MTL_FAST_MATH = YES;
				SDKROOT = iphoneos;
				SWIFT_COMPILATION_MODE = wholemodule;
				SWIFT_OPTIMIZATION_LEVEL = "-O";
				VALIDATE_PRODUCT = YES;
			};
			name = Release;
		};
		1C30AF0F28910F64006850D2 /* Debug */ = {
			isa = XCBuildConfiguration;
			buildSettings = {
				ASSETCATALOG_COMPILER_APPICON_NAME = AppIcon;
				ASSETCATALOG_COMPILER_GLOBAL_ACCENT_COLOR_NAME = AccentColor;
				CODE_SIGN_STYLE = Automatic;
				CURRENT_PROJECT_VERSION = 1;
				DEVELOPMENT_TEAM = XBK9RNRMN8;
				GENERATE_INFOPLIST_FILE = YES;
				INFOPLIST_FILE = MyMemoApp/Info.plist;
				INFOPLIST_KEY_UIApplicationSupportsIndirectInputEvents = YES;
				INFOPLIST_KEY_UILaunchStoryboardName = LaunchScreen;
				INFOPLIST_KEY_UIMainStoryboardFile = Main;
				INFOPLIST_KEY_UISupportedInterfaceOrientations_iPad = "UIInterfaceOrientationPortrait UIInterfaceOrientationPortraitUpsideDown UIInterfaceOrientationLandscapeLeft UIInterfaceOrientationLandscapeRight";
				INFOPLIST_KEY_UISupportedInterfaceOrientations_iPhone = "UIInterfaceOrientationPortrait UIInterfaceOrientationLandscapeLeft UIInterfaceOrientationLandscapeRight";
				LD_RUNPATH_SEARCH_PATHS = (
					"$(inherited)",
					"@executable_path/Frameworks",
				);
				MARKETING_VERSION = 1.0;
				PRODUCT_BUNDLE_IDENTIFIER = hyeri.MyMemoApp;
				PRODUCT_NAME = "$(TARGET_NAME)";
				SWIFT_EMIT_LOC_STRINGS = YES;
				SWIFT_VERSION = 5.0;
				TARGETED_DEVICE_FAMILY = "1,2";
			};
			name = Debug;
		};
		1C30AF1028910F64006850D2 /* Release */ = {
			isa = XCBuildConfiguration;
			buildSettings = {
				ASSETCATALOG_COMPILER_APPICON_NAME = AppIcon;
				ASSETCATALOG_COMPILER_GLOBAL_ACCENT_COLOR_NAME = AccentColor;
				CODE_SIGN_STYLE = Automatic;
				CURRENT_PROJECT_VERSION = 1;
				DEVELOPMENT_TEAM = XBK9RNRMN8;
				GENERATE_INFOPLIST_FILE = YES;
				INFOPLIST_FILE = MyMemoApp/Info.plist;
				INFOPLIST_KEY_UIApplicationSupportsIndirectInputEvents = YES;
				INFOPLIST_KEY_UILaunchStoryboardName = LaunchScreen;
				INFOPLIST_KEY_UIMainStoryboardFile = Main;
				INFOPLIST_KEY_UISupportedInterfaceOrientations_iPad = "UIInterfaceOrientationPortrait UIInterfaceOrientationPortraitUpsideDown UIInterfaceOrientationLandscapeLeft UIInterfaceOrientationLandscapeRight";
				INFOPLIST_KEY_UISupportedInterfaceOrientations_iPhone = "UIInterfaceOrientationPortrait UIInterfaceOrientationLandscapeLeft UIInterfaceOrientationLandscapeRight";
				LD_RUNPATH_SEARCH_PATHS = (
					"$(inherited)",
					"@executable_path/Frameworks",
				);
				MARKETING_VERSION = 1.0;
				PRODUCT_BUNDLE_IDENTIFIER = hyeri.MyMemoApp;
				PRODUCT_NAME = "$(TARGET_NAME)";
				SWIFT_EMIT_LOC_STRINGS = YES;
				SWIFT_VERSION = 5.0;
				TARGETED_DEVICE_FAMILY = "1,2";
			};
			name = Release;
		};
/* End XCBuildConfiguration section */

/* Begin XCConfigurationList section */
		1C30AEF528910F63006850D2 /* Build configuration list for PBXProject "MyMemoApp" */ = {
			isa = XCConfigurationList;
			buildConfigurations = (
				1C30AF0C28910F64006850D2 /* Debug */,
				1C30AF0D28910F64006850D2 /* Release */,
			);
			defaultConfigurationIsVisible = 0;
			defaultConfigurationName = Release;
		};
		1C30AF0E28910F64006850D2 /* Build configuration list for PBXNativeTarget "MyMemoApp" */ = {
			isa = XCConfigurationList;
			buildConfigurations = (
				1C30AF0F28910F64006850D2 /* Debug */,
				1C30AF1028910F64006850D2 /* Release */,
			);
			defaultConfigurationIsVisible = 0;
			defaultConfigurationName = Release;
		};
/* End XCConfigurationList section */

/* Begin XCVersionGroup section */
		1C9E5AAD289CB3E900BCFE44 /* Memo.xcdatamodeld */ = {
			isa = XCVersionGroup;
			children = (
				1C9E5AAE289CB3E900BCFE44 /* Memo.xcdatamodel */,
			);
			currentVersion = 1C9E5AAE289CB3E900BCFE44 /* Memo.xcdatamodel */;
			path = Memo.xcdatamodeld;
			sourceTree = "<group>";
			versionGroupType = wrapper.xcdatamodel;
		};
/* End XCVersionGroup section */
	};
	rootObject = 1C30AEF228910F63006850D2 /* Project object */;
}
